// !$*UTF8*$!
{
	archiveVersion = 1;
	classes = {
	};
	objectVersion = 77;
	objects = {

/* Begin PBXBuildFile section */
		BCA6B74D2FFA7B29009F2BFC /* EmptyMapProvider.swift in Sources */ = {isa = PBXBuildFile; fileRef = BCA6B7332FFA7B29009F2BFC /* EmptyMapProvider.swift */; };
		BCA6B74E2FFA7B29009F2BFC /* ShelterScorer.swift in Sources */ = {isa = PBXBuildFile; fileRef = BCA6B7362FFA7B29009F2BFC /* ShelterScorer.swift */; };
		BCA6B74F2FFA7B29009F2BFC /* SettingsView.swift in Sources */ = {isa = PBXBuildFile; fileRef = BCA6B74A2FFA7B29009F2BFC /* SettingsView.swift */; };
		BCA6B7502FFA7B29009F2BFC /* RouteProvider.swift in Sources */ = {isa = PBXBuildFile; fileRef = BCA6B7312FFA7B29009F2BFC /* RouteProvider.swift */; };
		BCA6B7512FFA7B29009F2BFC /* HomeInfoViewModel.swift in Sources */ = {isa = PBXBuildFile; fileRef = BCA6B73C2FFA7B29009F2BFC /* HomeInfoViewModel.swift */; };
		BCA6B7522FFA7B29009F2BFC /* HistoryView.swift in Sources */ = {isa = PBXBuildFile; fileRef = BCA6B7402FFA7B29009F2BFC /* HistoryView.swift */; };
		BCA6B7532FFA7B29009F2BFC /* AppDatabase.swift in Sources */ = {isa = PBXBuildFile; fileRef = BCA6B7282FFA7B29009F2BFC /* AppDatabase.swift */; };
		BCA6B7542FFA7B29009F2BFC /* DiagnosisHistory.swift in Sources */ = {isa = PBXBuildFile; fileRef = BCA6B72A2FFA7B29009F2BFC /* DiagnosisHistory.swift */; };
		BCA6B7552FFA7B29009F2BFC /* BosaiAppApp.swift in Sources */ = {isa = PBXBuildFile; fileRef = BCA6B7272FFA7B29009F2BFC /* BosaiAppApp.swift */; };
		BCA6B7562FFA7B29009F2BFC /* StraightLineRouteProvider.swift in Sources */ = {isa = PBXBuildFile; fileRef = BCA6B7372FFA7B29009F2BFC /* StraightLineRouteProvider.swift */; };
		BCA6B7572FFA7B29009F2BFC /* SituationCheckView.swift in Sources */ = {isa = PBXBuildFile; fileRef = BCA6B7462FFA7B29009F2BFC /* SituationCheckView.swift */; };
		BCA6B7582FFA7B29009F2BFC /* Shelter.swift in Sources */ = {isa = PBXBuildFile; fileRef = BCA6B72D2FFA7B29009F2BFC /* Shelter.swift */; };
		BCA6B7592FFA7B29009F2BFC /* DiagnosisEngine.swift in Sources */ = {isa = PBXBuildFile; fileRef = BCA6B72F2FFA7B29009F2BFC /* DiagnosisEngine.swift */; };
		BCA6B75A2FFA7B29009F2BFC /* HistoryViewModel.swift in Sources */ = {isa = PBXBuildFile; fileRef = BCA6B73B2FFA7B29009F2BFC /* HistoryViewModel.swift */; };
		BCA6B75B2FFA7B29009F2BFC /* EvacuationViewModel.swift in Sources */ = {isa = PBXBuildFile; fileRef = BCA6B73A2FFA7B29009F2BFC /* EvacuationViewModel.swift */; };
		BCA6B75C2FFA7B29009F2BFC /* MockDiagnosisEngine.swift in Sources */ = {isa = PBXBuildFile; fileRef = BCA6B7342FFA7B29009F2BFC /* MockDiagnosisEngine.swift */; };
		BCA6B75D2FFA7B29009F2BFC /* EvacuationFlowView.swift in Sources */ = {isa = PBXBuildFile; fileRef = BCA6B7422FFA7B29009F2BFC /* EvacuationFlowView.swift */; };
		BCA6B75E2FFA7B29009F2BFC /* NoMoreSheltersView.swift in Sources */ = {isa = PBXBuildFile; fileRef = BCA6B7442FFA7B29009F2BFC /* NoMoreSheltersView.swift */; };
		BCA6B75F2FFA7B29009F2BFC /* DiagnosisInputView.swift in Sources */ = {isa = PBXBuildFile; fileRef = BCA6B73E2FFA7B29009F2BFC /* DiagnosisInputView.swift */; };
		BCA6B7602FFA7B29009F2BFC /* MapProvider.swift in Sources */ = {isa = PBXBuildFile; fileRef = BCA6B7302FFA7B29009F2BFC /* MapProvider.swift */; };
		BCA6B7612FFA7B29009F2BFC /* DiagnosisViewModel.swift in Sources */ = {isa = PBXBuildFile; fileRef = BCA6B7392FFA7B29009F2BFC /* DiagnosisViewModel.swift */; };
		BCA6B7622FFA7B29009F2BFC /* DiagnosisInput.swift in Sources */ = {isa = PBXBuildFile; fileRef = BCA6B72B2FFA7B29009F2BFC /* DiagnosisInput.swift */; };
		BCA6B7632FFA7B29009F2BFC /* NavigationGuideView.swift in Sources */ = {isa = PBXBuildFile; fileRef = BCA6B7432FFA7B29009F2BFC /* NavigationGuideView.swift */; };
		BCA6B7642FFA7B29009F2BFC /* NotificationService.swift in Sources */ = {isa = PBXBuildFile; fileRef = BCA6B7352FFA7B29009F2BFC /* NotificationService.swift */; };
		BCA6B7652FFA7B29009F2BFC /* HomeView.swift in Sources */ = {isa = PBXBuildFile; fileRef = BCA6B7482FFA7B29009F2BFC /* HomeView.swift */; };
		BCA6B7662FFA7B29009F2BFC /* ShelterCardView.swift in Sources */ = {isa = PBXBuildFile; fileRef = BCA6B7452FFA7B29009F2BFC /* ShelterCardView.swift */; };
		BCA6B7672FFA7B29009F2BFC /* DiagnosisResultView.swift in Sources */ = {isa = PBXBuildFile; fileRef = BCA6B73F2FFA7B29009F2BFC /* DiagnosisResultView.swift */; };
		BCA6B7682FFA7B29009F2BFC /* HomeInfo.swift in Sources */ = {isa = PBXBuildFile; fileRef = BCA6B72C2FFA7B29009F2BFC /* HomeInfo.swift */; };
		BCA6B76B2FFA7C3A009F2BFC /* GRDB in Frameworks */ = {isa = PBXBuildFile; productRef = BCA6B76A2FFA7C3A009F2BFC /* GRDB */; };
/* End PBXBuildFile section */

/* Begin PBXFileReference section */
		BCA6B7192FFA7AC8009F2BFC /* BosaiApp.app */ = {isa = PBXFileReference; explicitFileType = wrapper.application; includeInIndex = 0; path = BosaiApp.app; sourceTree = BUILT_PRODUCTS_DIR; };
		BCA6B7272FFA7B29009F2BFC /* BosaiAppApp.swift */ = {isa = PBXFileReference; lastKnownFileType = sourcecode.swift; path = BosaiAppApp.swift; sourceTree = "<group>"; };
		BCA6B7282FFA7B29009F2BFC /* AppDatabase.swift */ = {isa = PBXFileReference; lastKnownFileType = sourcecode.swift; path = AppDatabase.swift; sourceTree = "<group>"; };
		BCA6B72A2FFA7B29009F2BFC /* DiagnosisHistory.swift */ = {isa = PBXFileReference; lastKnownFileType = sourcecode.swift; path = DiagnosisHistory.swift; sourceTree = "<group>"; };
		BCA6B72B2FFA7B29009F2BFC /* DiagnosisInput.swift */ = {isa = PBXFileReference; lastKnownFileType = sourcecode.swift; path = DiagnosisInput.swift; sourceTree = "<group>"; };
		BCA6B72C2FFA7B29009F2BFC /* HomeInfo.swift */ = {isa = PBXFileReference; lastKnownFileType = sourcecode.swift; path = HomeInfo.swift; sourceTree = "<group>"; };
		BCA6B72D2FFA7B29009F2BFC /* Shelter.swift */ = {isa = PBXFileReference; lastKnownFileType = sourcecode.swift; path = Shelter.swift; sourceTree = "<group>"; };
		BCA6B72F2FFA7B29009F2BFC /* DiagnosisEngine.swift */ = {isa = PBXFileReference; lastKnownFileType = sourcecode.swift; path = DiagnosisEngine.swift; sourceTree = "<group>"; };
		BCA6B7302FFA7B29009F2BFC /* MapProvider.swift */ = {isa = PBXFileReference; lastKnownFileType = sourcecode.swift; path = MapProvider.swift; sourceTree = "<group>"; };
		BCA6B7312FFA7B29009F2BFC /* RouteProvider.swift */ = {isa = PBXFileReference; lastKnownFileType = sourcecode.swift; path = RouteProvider.swift; sourceTree = "<group>"; };
		BCA6B7332FFA7B29009F2BFC /* EmptyMapProvider.swift */ = {isa = PBXFileReference; lastKnownFileType = sourcecode.swift; path = EmptyMapProvider.swift; sourceTree = "<group>"; };
		BCA6B7342FFA7B29009F2BFC /* MockDiagnosisEngine.swift */ = {isa = PBXFileReference; lastKnownFileType = sourcecode.swift; path = MockDiagnosisEngine.swift; sourceTree = "<group>"; };
		BCA6B7352FFA7B29009F2BFC /* NotificationService.swift */ = {isa = PBXFileReference; lastKnownFileType = sourcecode.swift; path = NotificationService.swift; sourceTree = "<group>"; };
		BCA6B7362FFA7B29009F2BFC /* ShelterScorer.swift */ = {isa = PBXFileReference; lastKnownFileType = sourcecode.swift; path = ShelterScorer.swift; sourceTree = "<group>"; };
		BCA6B7372FFA7B29009F2BFC /* StraightLineRouteProvider.swift */ = {isa = PBXFileReference; lastKnownFileType = sourcecode.swift; path = StraightLineRouteProvider.swift; sourceTree = "<group>"; };
		BCA6B7392FFA7B29009F2BFC /* DiagnosisViewModel.swift */ = {isa = PBXFileReference; lastKnownFileType = sourcecode.swift; path = DiagnosisViewModel.swift; sourceTree = "<group>"; };
		BCA6B73A2FFA7B29009F2BFC /* EvacuationViewModel.swift */ = {isa = PBXFileReference; lastKnownFileType = sourcecode.swift; path = EvacuationViewModel.swift; sourceTree = "<group>"; };
		BCA6B73B2FFA7B29009F2BFC /* HistoryViewModel.swift */ = {isa = PBXFileReference; lastKnownFileType = sourcecode.swift; path = HistoryViewModel.swift; sourceTree = "<group>"; };
		BCA6B73C2FFA7B29009F2BFC /* HomeInfoViewModel.swift */ = {isa = PBXFileReference; lastKnownFileType = sourcecode.swift; path = HomeInfoViewModel.swift; sourceTree = "<group>"; };
		BCA6B73E2FFA7B29009F2BFC /* DiagnosisInputView.swift */ = {isa = PBXFileReference; lastKnownFileType = sourcecode.swift; path = DiagnosisInputView.swift; sourceTree = "<group>"; };
		BCA6B73F2FFA7B29009F2BFC /* DiagnosisResultView.swift */ = {isa = PBXFileReference; lastKnownFileType = sourcecode.swift; path = DiagnosisResultView.swift; sourceTree = "<group>"; };
		BCA6B7402FFA7B29009F2BFC /* HistoryView.swift */ = {isa = PBXFileReference; lastKnownFileType = sourcecode.swift; path = HistoryView.swift; sourceTree = "<group>"; };
		BCA6B7422FFA7B29009F2BFC /* EvacuationFlowView.swift */ = {isa = PBXFileReference; lastKnownFileType = sourcecode.swift; path = EvacuationFlowView.swift; sourceTree = "<group>"; };
		BCA6B7432FFA7B29009F2BFC /* NavigationGuideView.swift */ = {isa = PBXFileReference; lastKnownFileType = sourcecode.swift; path = NavigationGuideView.swift; sourceTree = "<group>"; };
		BCA6B7442FFA7B29009F2BFC /* NoMoreSheltersView.swift */ = {isa = PBXFileReference; lastKnownFileType = sourcecode.swift; path = NoMoreSheltersView.swift; sourceTree = "<group>"; };
		BCA6B7452FFA7B29009F2BFC /* ShelterCardView.swift */ = {isa = PBXFileReference; lastKnownFileType = sourcecode.swift; path = ShelterCardView.swift; sourceTree = "<group>"; };
		BCA6B7462FFA7B29009F2BFC /* SituationCheckView.swift */ = {isa = PBXFileReference; lastKnownFileType = sourcecode.swift; path = SituationCheckView.swift; sourceTree = "<group>"; };
		BCA6B7482FFA7B29009F2BFC /* HomeView.swift */ = {isa = PBXFileReference; lastKnownFileType = sourcecode.swift; path = HomeView.swift; sourceTree = "<group>"; };
		BCA6B74A2FFA7B29009F2BFC /* SettingsView.swift */ = {isa = PBXFileReference; lastKnownFileType = sourcecode.swift; path = SettingsView.swift; sourceTree = "<group>"; };
/* End PBXFileReference section */

/* Begin PBXFileSystemSynchronizedRootGroup section */
		BCA6B71B2FFA7AC8009F2BFC /* BosaiApp */ = {
			isa = PBXFileSystemSynchronizedRootGroup;
			path = BosaiApp;
			sourceTree = "<group>";
		};
/* End PBXFileSystemSynchronizedRootGroup section */

/* Begin PBXFrameworksBuildPhase section */
		BCA6B7162FFA7AC8009F2BFC /* Frameworks */ = {
			isa = PBXFrameworksBuildPhase;
			buildActionMask = 2147483647;
			files = (
				BCA6B76B2FFA7C3A009F2BFC /* GRDB in Frameworks */,
			);
			runOnlyForDeploymentPostprocessing = 0;
		};
/* End PBXFrameworksBuildPhase section */

/* Begin PBXGroup section */
		BCA6B7102FFA7AC8009F2BFC = {
			isa = PBXGroup;
			children = (
				BCA6B71B2FFA7AC8009F2BFC /* BosaiApp */,
				BCA6B71A2FFA7AC8009F2BFC /* Products */,
				BCA6B7272FFA7B29009F2BFC /* BosaiAppApp.swift */,
				BCA6B7292FFA7B29009F2BFC /* Database */,
				BCA6B72E2FFA7B29009F2BFC /* Models */,
				BCA6B7322FFA7B29009F2BFC /* Protocols */,
				BCA6B7382FFA7B29009F2BFC /* Services */,
				BCA6B73D2FFA7B29009F2BFC /* ViewModels */,
				BCA6B74C2FFA7B29009F2BFC /* Views */,
			);
			sourceTree = "<group>";
		};
		BCA6B71A2FFA7AC8009F2BFC /* Products */ = {
			isa = PBXGroup;
			children = (
				BCA6B7192FFA7AC8009F2BFC /* BosaiApp.app */,
			);
			name = Products;
			sourceTree = "<group>";
		};
		BCA6B7292FFA7B29009F2BFC /* Database */ = {
			isa = PBXGroup;
			children = (
				BCA6B7282FFA7B29009F2BFC /* AppDatabase.swift */,
			);
			path = Database;
			sourceTree = "<group>";
		};
		BCA6B72E2FFA7B29009F2BFC /* Models */ = {
			isa = PBXGroup;
			children = (
				BCA6B72A2FFA7B29009F2BFC /* DiagnosisHistory.swift */,
				BCA6B72B2FFA7B29009F2BFC /* DiagnosisInput.swift */,
				BCA6B72C2FFA7B29009F2BFC /* HomeInfo.swift */,
				BCA6B72D2FFA7B29009F2BFC /* Shelter.swift */,
			);
			path = Models;
			sourceTree = "<group>";
		};
		BCA6B7322FFA7B29009F2BFC /* Protocols */ = {
			isa = PBXGroup;
			children = (
				BCA6B72F2FFA7B29009F2BFC /* DiagnosisEngine.swift */,
				BCA6B7302FFA7B29009F2BFC /* MapProvider.swift */,
				BCA6B7312FFA7B29009F2BFC /* RouteProvider.swift */,
			);
			path = Protocols;
			sourceTree = "<group>";
		};
		BCA6B7382FFA7B29009F2BFC /* Services */ = {
			isa = PBXGroup;
			children = (
				BCA6B7332FFA7B29009F2BFC /* EmptyMapProvider.swift */,
				BCA6B7342FFA7B29009F2BFC /* MockDiagnosisEngine.swift */,
				BCA6B7352FFA7B29009F2BFC /* NotificationService.swift */,
				BCA6B7362FFA7B29009F2BFC /* ShelterScorer.swift */,
				BCA6B7372FFA7B29009F2BFC /* StraightLineRouteProvider.swift */,
			);
			path = Services;
			sourceTree = "<group>";
		};
		BCA6B73D2FFA7B29009F2BFC /* ViewModels */ = {
			isa = PBXGroup;
			children = (
				BCA6B7392FFA7B29009F2BFC /* DiagnosisViewModel.swift */,
				BCA6B73A2FFA7B29009F2BFC /* EvacuationViewModel.swift */,
				BCA6B73B2FFA7B29009F2BFC /* HistoryViewModel.swift */,
				BCA6B73C2FFA7B29009F2BFC /* HomeInfoViewModel.swift */,
			);
			path = ViewModels;
			sourceTree = "<group>";
		};
		BCA6B7412FFA7B29009F2BFC /* Diagnosis */ = {
			isa = PBXGroup;
			children = (
				BCA6B73E2FFA7B29009F2BFC /* DiagnosisInputView.swift */,
				BCA6B73F2FFA7B29009F2BFC /* DiagnosisResultView.swift */,
				BCA6B7402FFA7B29009F2BFC /* HistoryView.swift */,
			);
			path = Diagnosis;
			sourceTree = "<group>";
		};
		BCA6B7472FFA7B29009F2BFC /* Evacuation */ = {
			isa = PBXGroup;
			children = (
				BCA6B7422FFA7B29009F2BFC /* EvacuationFlowView.swift */,
				BCA6B7432FFA7B29009F2BFC /* NavigationGuideView.swift */,
				BCA6B7442FFA7B29009F2BFC /* NoMoreSheltersView.swift */,
				BCA6B7452FFA7B29009F2BFC /* ShelterCardView.swift */,
				BCA6B7462FFA7B29009F2BFC /* SituationCheckView.swift */,
			);
			path = Evacuation;
			sourceTree = "<group>";
		};
		BCA6B7492FFA7B29009F2BFC /* Home */ = {
			isa = PBXGroup;
			children = (
				BCA6B7482FFA7B29009F2BFC /* HomeView.swift */,
			);
			path = Home;
			sourceTree = "<group>";
		};
		BCA6B74B2FFA7B29009F2BFC /* Settings */ = {
			isa = PBXGroup;
			children = (
				BCA6B74A2FFA7B29009F2BFC /* SettingsView.swift */,
			);
			path = Settings;
			sourceTree = "<group>";
		};
		BCA6B74C2FFA7B29009F2BFC /* Views */ = {
			isa = PBXGroup;
			children = (
				BCA6B7412FFA7B29009F2BFC /* Diagnosis */,
				BCA6B7472FFA7B29009F2BFC /* Evacuation */,
				BCA6B7492FFA7B29009F2BFC /* Home */,
				BCA6B74B2FFA7B29009F2BFC /* Settings */,
			);
			path = Views;
			sourceTree = "<group>";
		};
/* End PBXGroup section */

/* Begin PBXNativeTarget section */
		BCA6B7182FFA7AC8009F2BFC /* BosaiApp */ = {
			isa = PBXNativeTarget;
			buildConfigurationList = BCA6B7242FFA7AC9009F2BFC /* Build configuration list for PBXNativeTarget "BosaiApp" */;
			buildPhases = (
				BCA6B7152FFA7AC8009F2BFC /* Sources */,
				BCA6B7162FFA7AC8009F2BFC /* Frameworks */,
				BCA6B7172FFA7AC8009F2BFC /* Resources */,
			);
			buildRules = (
			);
			dependencies = (
			);
			fileSystemSynchronizedGroups = (
				BCA6B71B2FFA7AC8009F2BFC /* BosaiApp */,
			);
			name = BosaiApp;
			packageProductDependencies = (
				BCA6B76A2FFA7C3A009F2BFC /* GRDB */,
			);
			productName = BosaiApp;
			productReference = BCA6B7192FFA7AC8009F2BFC /* BosaiApp.app */;
			productType = "com.apple.product-type.application";
		};
/* End PBXNativeTarget section */

/* Begin PBXProject section */
		BCA6B7112FFA7AC8009F2BFC /* Project object */ = {
			isa = PBXProject;
			attributes = {
				BuildIndependentTargetsInParallel = 1;
				LastSwiftUpdateCheck = 2660;
				LastUpgradeCheck = 2660;
				TargetAttributes = {
					BCA6B7182FFA7AC8009F2BFC = {
						CreatedOnToolsVersion = 26.6;
					};
				};
			};
			buildConfigurationList = BCA6B7142FFA7AC8009F2BFC /* Build configuration list for PBXProject "BosaiApp" */;
			developmentRegion = en;
			hasScannedForEncodings = 0;
			knownRegions = (
				en,
				Base,
			);
			mainGroup = BCA6B7102FFA7AC8009F2BFC;
			minimizedProjectReferenceProxies = 1;
			packageReferences = (
				BCA6B7692FFA7C3A009F2BFC /* XCRemoteSwiftPackageReference "GRDB" */,
			);
			preferredProjectObjectVersion = 77;
			productRefGroup = BCA6B71A2FFA7AC8009F2BFC /* Products */;
			projectDirPath = "";
			projectRoot = "";
			targets = (
				BCA6B7182FFA7AC8009F2BFC /* BosaiApp */,
			);
		};
/* End PBXProject section */

/* Begin PBXResourcesBuildPhase section */
		BCA6B7172FFA7AC8009F2BFC /* Resources */ = {
			isa = PBXResourcesBuildPhase;
			buildActionMask = 2147483647;
			files = (
			);
			runOnlyForDeploymentPostprocessing = 0;
		};
/* End PBXResourcesBuildPhase section */

/* Begin PBXSourcesBuildPhase section */
		BCA6B7152FFA7AC8009F2BFC /* Sources */ = {
			isa = PBXSourcesBuildPhase;
			buildActionMask = 2147483647;
			files = (
				BCA6B74D2FFA7B29009F2BFC /* EmptyMapProvider.swift in Sources */,
				BCA6B74E2FFA7B29009F2BFC /* ShelterScorer.swift in Sources */,
				BCA6B74F2FFA7B29009F2BFC /* SettingsView.swift in Sources */,
				BCA6B7502FFA7B29009F2BFC /* RouteProvider.swift in Sources */,
				BCA6B7512FFA7B29009F2BFC /* HomeInfoViewModel.swift in Sources */,
				BCA6B7522FFA7B29009F2BFC /* HistoryView.swift in Sources */,
				BCA6B7532FFA7B29009F2BFC /* AppDatabase.swift in Sources */,
				BCA6B7542FFA7B29009F2BFC /* DiagnosisHistory.swift in Sources */,
				BCA6B7552FFA7B29009F2BFC /* BosaiAppApp.swift in Sources */,
				BCA6B7562FFA7B29009F2BFC /* StraightLineRouteProvider.swift in Sources */,
				BCA6B7572FFA7B29009F2BFC /* SituationCheckView.swift in Sources */,
				BCA6B7582FFA7B29009F2BFC /* Shelter.swift in Sources */,
				BCA6B7592FFA7B29009F2BFC /* DiagnosisEngine.swift in Sources */,
				BCA6B75A2FFA7B29009F2BFC /* HistoryViewModel.swift in Sources */,
				BCA6B75B2FFA7B29009F2BFC /* EvacuationViewModel.swift in Sources */,
				BCA6B75C2FFA7B29009F2BFC /* MockDiagnosisEngine.swift in Sources */,
				BCA6B75D2FFA7B29009F2BFC /* EvacuationFlowView.swift in Sources */,
				BCA6B75E2FFA7B29009F2BFC /* NoMoreSheltersView.swift in Sources */,
				BCA6B75F2FFA7B29009F2BFC /* DiagnosisInputView.swift in Sources */,
				BCA6B7602FFA7B29009F2BFC /* MapProvider.swift in Sources */,
				BCA6B7612FFA7B29009F2BFC /* DiagnosisViewModel.swift in Sources */,
				BCA6B7622FFA7B29009F2BFC /* DiagnosisInput.swift in Sources */,
				BCA6B7632FFA7B29009F2BFC /* NavigationGuideView.swift in Sources */,
				BCA6B7642FFA7B29009F2BFC /* NotificationService.swift in Sources */,
				BCA6B7652FFA7B29009F2BFC /* HomeView.swift in Sources */,
				BCA6B7662FFA7B29009F2BFC /* ShelterCardView.swift in Sources */,
				BCA6B7672FFA7B29009F2BFC /* DiagnosisResultView.swift in Sources */,
				BCA6B7682FFA7B29009F2BFC /* HomeInfo.swift in Sources */,
			);
			runOnlyForDeploymentPostprocessing = 0;
		};
/* End PBXSourcesBuildPhase section */

/* Begin XCBuildConfiguration section */
		BCA6B7222FFA7AC9009F2BFC /* Debug */ = {
			isa = XCBuildConfiguration;
			buildSettings = {
				ALWAYS_SEARCH_USER_PATHS = NO;
				ASSETCATALOG_COMPILER_GENERATE_SWIFT_ASSET_SYMBOL_EXTENSIONS = YES;
				CLANG_ANALYZER_NONNULL = YES;
				CLANG_ANALYZER_NUMBER_OBJECT_CONVERSION = YES_AGGRESSIVE;
				CLANG_CXX_LANGUAGE_STANDARD = "gnu++20";
				CLANG_ENABLE_MODULES = YES;
				CLANG_ENABLE_OBJC_ARC = YES;
				CLANG_ENABLE_OBJC_WEAK = YES;
				CLANG_WARN_BLOCK_CAPTURE_AUTORELEASING = YES;
				CLANG_WARN_BOOL_CONVERSION = YES;
				CLANG_WARN_COMMA = YES;
				CLANG_WARN_CONSTANT_CONVERSION = YES;
				CLANG_WARN_DEPRECATED_OBJC_IMPLEMENTATIONS = YES;
				CLANG_WARN_DIRECT_OBJC_ISA_USAGE = YES_ERROR;
				CLANG_WARN_DOCUMENTATION_COMMENTS = YES;
				CLANG_WARN_EMPTY_BODY = YES;
				CLANG_WARN_ENUM_CONVERSION = YES;
				CLANG_WARN_INFINITE_RECURSION = YES;
				CLANG_WARN_INT_CONVERSION = YES;
				CLANG_WARN_NON_LITERAL_NULL_CONVERSION = YES;
				CLANG_WARN_OBJC_IMPLICIT_RETAIN_SELF = YES;
				CLANG_WARN_OBJC_LITERAL_CONVERSION = YES;
				CLANG_WARN_OBJC_ROOT_CLASS = YES_ERROR;
				CLANG_WARN_QUOTED_INCLUDE_IN_FRAMEWORK_HEADER = YES;
				CLANG_WARN_RANGE_LOOP_ANALYSIS = YES;
				CLANG_WARN_STRICT_PROTOTYPES = YES;
				CLANG_WARN_SUSPICIOUS_MOVE = YES;
				CLANG_WARN_UNGUARDED_AVAILABILITY = YES_AGGRESSIVE;
				CLANG_WARN_UNREACHABLE_CODE = YES;
				CLANG_WARN__DUPLICATE_METHOD_MATCH = YES;
				COPY_PHASE_STRIP = NO;
				DEBUG_INFORMATION_FORMAT = dwarf;
				ENABLE_STRICT_OBJC_MSGSEND = YES;
				ENABLE_TESTABILITY = YES;
				ENABLE_USER_SCRIPT_SANDBOXING = YES;
				GCC_C_LANGUAGE_STANDARD = gnu17;
				GCC_DYNAMIC_NO_PIC = NO;
				GCC_NO_COMMON_BLOCKS = YES;
				GCC_OPTIMIZATION_LEVEL = 0;
				GCC_PREPROCESSOR_DEFINITIONS = (
					"DEBUG=1",
					"$(inherited)",
				);
				GCC_WARN_64_TO_32_BIT_CONVERSION = YES;
				GCC_WARN_ABOUT_RETURN_TYPE = YES_ERROR;
				GCC_WARN_UNDECLARED_SELECTOR = YES;
				GCC_WARN_UNINITIALIZED_AUTOS = YES_AGGRESSIVE;
				GCC_WARN_UNUSED_FUNCTION = YES;
				GCC_WARN_UNUSED_VARIABLE = YES;
				IPHONEOS_DEPLOYMENT_TARGET = 26.5;
				LOCALIZATION_PREFERS_STRING_CATALOGS = YES;
				MTL_ENABLE_DEBUG_INFO = INCLUDE_SOURCE;
				MTL_FAST_MATH = YES;
				ONLY_ACTIVE_ARCH = YES;
				SDKROOT = iphoneos;
				SWIFT_ACTIVE_COMPILATION_CONDITIONS = "DEBUG $(inherited)";
				SWIFT_OPTIMIZATION_LEVEL = "-Onone";
			};
			name = Debug;
		};
		BCA6B7232FFA7AC9009F2BFC /* Release */ = {
			isa = XCBuildConfiguration;
			buildSettings = {
				ALWAYS_SEARCH_USER_PATHS = NO;
				ASSETCATALOG_COMPILER_GENERATE_SWIFT_ASSET_SYMBOL_EXTENSIONS = YES;
				CLANG_ANALYZER_NONNULL = YES;
				CLANG_ANALYZER_NUMBER_OBJECT_CONVERSION = YES_AGGRESSIVE;
				CLANG_CXX_LANGUAGE_STANDARD = "gnu++20";
				CLANG_ENABLE_MODULES = YES;
				CLANG_ENABLE_OBJC_ARC = YES;
				CLANG_ENABLE_OBJC_WEAK = YES;
				CLANG_WARN_BLOCK_CAPTURE_AUTORELEASING = YES;
				CLANG_WARN_BOOL_CONVERSION = YES;
				CLANG_WARN_COMMA = YES;
				CLANG_WARN_CONSTANT_CONVERSION = YES;
				CLANG_WARN_DEPRECATED_OBJC_IMPLEMENTATIONS = YES;
				CLANG_WARN_DIRECT_OBJC_ISA_USAGE = YES_ERROR;
				CLANG_WARN_DOCUMENTATION_COMMENTS = YES;
				CLANG_WARN_EMPTY_BODY = YES;
				CLANG_WARN_ENUM_CONVERSION = YES;
				CLANG_WARN_INFINITE_RECURSION = YES;
				CLANG_WARN_INT_CONVERSION = YES;
				CLANG_WARN_NON_LITERAL_NULL_CONVERSION = YES;
				CLANG_WARN_OBJC_IMPLICIT_RETAIN_SELF = YES;
				CLANG_WARN_OBJC_LITERAL_CONVERSION = YES;
				CLANG_WARN_OBJC_ROOT_CLASS = YES_ERROR;
				CLANG_WARN_QUOTED_INCLUDE_IN_FRAMEWORK_HEADER = YES;
				CLANG_WARN_RANGE_LOOP_ANALYSIS = YES;
				CLANG_WARN_STRICT_PROTOTYPES = YES;
				CLANG_WARN_SUSPICIOUS_MOVE = YES;
				CLANG_WARN_UNGUARDED_AVAILABILITY = YES_AGGRESSIVE;
				CLANG_WARN_UNREACHABLE_CODE = YES;
				CLANG_WARN__DUPLICATE_METHOD_MATCH = YES;
				COPY_PHASE_STRIP = NO;
				DEBUG_INFORMATION_FORMAT = "dwarf-with-dsym";
				ENABLE_NS_ASSERTIONS = NO;
				ENABLE_STRICT_OBJC_MSGSEND = YES;
				ENABLE_USER_SCRIPT_SANDBOXING = YES;
				GCC_C_LANGUAGE_STANDARD = gnu17;
				GCC_NO_COMMON_BLOCKS = YES;
				GCC_WARN_64_TO_32_BIT_CONVERSION = YES;
				GCC_WARN_ABOUT_RETURN_TYPE = YES_ERROR;
				GCC_WARN_UNDECLARED_SELECTOR = YES;
				GCC_WARN_UNINITIALIZED_AUTOS = YES_AGGRESSIVE;
				GCC_WARN_UNUSED_FUNCTION = YES;
				GCC_WARN_UNUSED_VARIABLE = YES;
				IPHONEOS_DEPLOYMENT_TARGET = 26.5;
				LOCALIZATION_PREFERS_STRING_CATALOGS = YES;
				MTL_ENABLE_DEBUG_INFO = NO;
				MTL_FAST_MATH = YES;
				SDKROOT = iphoneos;
				SWIFT_COMPILATION_MODE = wholemodule;
				VALIDATE_PRODUCT = YES;
			};
			name = Release;
		};
		BCA6B7252FFA7AC9009F2BFC /* Debug */ = {
			isa = XCBuildConfiguration;
			buildSettings = {
				ASSETCATALOG_COMPILER_APPICON_NAME = AppIcon;
				ASSETCATALOG_COMPILER_GLOBAL_ACCENT_COLOR_NAME = AccentColor;
				CODE_SIGN_STYLE = Automatic;
				CURRENT_PROJECT_VERSION = 1;
				ENABLE_PREVIEWS = YES;
				GENERATE_INFOPLIST_FILE = YES;
				INFOPLIST_KEY_NSPhotoLibraryUsageDescription = "家具の安全診断のために写真を選択します";
				INFOPLIST_KEY_UIApplicationSceneManifest_Generation = YES;
				INFOPLIST_KEY_UIApplicationSupportsIndirectInputEvents = YES;
				INFOPLIST_KEY_UILaunchScreen_Generation = YES;
				INFOPLIST_KEY_UISupportedInterfaceOrientations_iPad = "UIInterfaceOrientationPortrait UIInterfaceOrientationPortraitUpsideDown UIInterfaceOrientationLandscapeLeft UIInterfaceOrientationLandscapeRight";
				INFOPLIST_KEY_UISupportedInterfaceOrientations_iPhone = "UIInterfaceOrientationPortrait UIInterfaceOrientationLandscapeLeft UIInterfaceOrientationLandscapeRight";
				IPHONEOS_DEPLOYMENT_TARGET = 17.6;
				LD_RUNPATH_SEARCH_PATHS = (
					"$(inherited)",
					"@executable_path/Frameworks",
				);
				MARKETING_VERSION = 1.0;
				PRODUCT_BUNDLE_IDENTIFIER = muds.BosaiApp;
				PRODUCT_NAME = "$(TARGET_NAME)";
				STRING_CATALOG_GENERATE_SYMBOLS = YES;
				SWIFT_APPROACHABLE_CONCURRENCY = YES;
				SWIFT_DEFAULT_ACTOR_ISOLATION = MainActor;
				SWIFT_EMIT_LOC_STRINGS = YES;
				SWIFT_UPCOMING_FEATURE_MEMBER_IMPORT_VISIBILITY = YES;
				SWIFT_VERSION = 5.0;
				TARGETED_DEVICE_FAMILY = "1,2";
			};
			name = Debug;
		};
		BCA6B7262FFA7AC9009F2BFC /* Release */ = {
			isa = XCBuildConfiguration;
			buildSettings = {
				ASSETCATALOG_COMPILER_APPICON_NAME = AppIcon;
				ASSETCATALOG_COMPILER_GLOBAL_ACCENT_COLOR_NAME = AccentColor;
				CODE_SIGN_STYLE = Automatic;
				CURRENT_PROJECT_VERSION = 1;
				ENABLE_PREVIEWS = YES;
				GENERATE_INFOPLIST_FILE = YES;
				INFOPLIST_KEY_NSPhotoLibraryUsageDescription = "家具の安全診断のために写真を選択します";
				INFOPLIST_KEY_UIApplicationSceneManifest_Generation = YES;
				INFOPLIST_KEY_UIApplicationSupportsIndirectInputEvents = YES;
				INFOPLIST_KEY_UILaunchScreen_Generation = YES;
				INFOPLIST_KEY_UISupportedInterfaceOrientations_iPad = "UIInterfaceOrientationPortrait UIInterfaceOrientationPortraitUpsideDown UIInterfaceOrientationLandscapeLeft UIInterfaceOrientationLandscapeRight";
				INFOPLIST_KEY_UISupportedInterfaceOrientations_iPhone = "UIInterfaceOrientationPortrait UIInterfaceOrientationLandscapeLeft UIInterfaceOrientationLandscapeRight";
				IPHONEOS_DEPLOYMENT_TARGET = 17.6;
				LD_RUNPATH_SEARCH_PATHS = (
					"$(inherited)",
					"@executable_path/Frameworks",
				);
				MARKETING_VERSION = 1.0;
				PRODUCT_BUNDLE_IDENTIFIER = muds.BosaiApp;
				PRODUCT_NAME = "$(TARGET_NAME)";
				STRING_CATALOG_GENERATE_SYMBOLS = YES;
				SWIFT_APPROACHABLE_CONCURRENCY = YES;
				SWIFT_DEFAULT_ACTOR_ISOLATION = MainActor;
				SWIFT_EMIT_LOC_STRINGS = YES;
				SWIFT_UPCOMING_FEATURE_MEMBER_IMPORT_VISIBILITY = YES;
				SWIFT_VERSION = 5.0;
				TARGETED_DEVICE_FAMILY = "1,2";
			};
			name = Release;
		};
/* End XCBuildConfiguration section */

/* Begin XCConfigurationList section */
		BCA6B7142FFA7AC8009F2BFC /* Build configuration list for PBXProject "BosaiApp" */ = {
			isa = XCConfigurationList;
			buildConfigurations = (
				BCA6B7222FFA7AC9009F2BFC /* Debug */,
				BCA6B7232FFA7AC9009F2BFC /* Release */,
			);
			defaultConfigurationIsVisible = 0;
			defaultConfigurationName = Release;
		};
		BCA6B7242FFA7AC9009F2BFC /* Build configuration list for PBXNativeTarget "BosaiApp" */ = {
			isa = XCConfigurationList;
			buildConfigurations = (
				BCA6B7252FFA7AC9009F2BFC /* Debug */,
				BCA6B7262FFA7AC9009F2BFC /* Release */,
			);
			defaultConfigurationIsVisible = 0;
			defaultConfigurationName = Release;
		};
/* End XCConfigurationList section */

/* Begin XCRemoteSwiftPackageReference section */
		BCA6B7692FFA7C3A009F2BFC /* XCRemoteSwiftPackageReference "GRDB" */ = {
			isa = XCRemoteSwiftPackageReference;
			repositoryURL = "https://github.com/groue/GRDB.swift";
			requirement = {
				kind = upToNextMajorVersion;
				minimumVersion = 7.0.0;
			};
		};
/* End XCRemoteSwiftPackageReference section */

/* Begin XCSwiftPackageProductDependency section */
		BCA6B76A2FFA7C3A009F2BFC /* GRDB */ = {
			isa = XCSwiftPackageProductDependency;
			package = BCA6B7692FFA7C3A009F2BFC /* XCRemoteSwiftPackageReference "GRDB" */;
			productName = GRDB;
		};
/* End XCSwiftPackageProductDependency section */
	};
	rootObject = BCA6B7112FFA7AC8009F2BFC /* Project object */;
}
